{
  "name": "@neo9/n9-node-sonar-generate",
  "version": "1.0.1",
  "lockfileVersion": 1,
  "requires": true,
  "dependencies": {
    "@neo9/n9-node-log": {
      "version": "2.2.2",
      "resolved": "https://repo.neo9.pro/repository/npm-global/@neo9/n9-node-log/-/n9-node-log-2.2.2.tgz",
      "integrity": "sha1-Stgg3cHTNrQjOteNfmaiK606h+g=",
      "requires": {
        "@types/winston": "2.3.5",
        "winston": "2.3.1"
      }
    },
    "@types/node": {
      "version": "8.0.25",
      "resolved": "https://repo.neo9.pro/repository/npm-global/@types/node/-/node-8.0.25.tgz",
      "integrity": "sha512-zT+t9841g1HsjLtPMCYxmb1U4pcZ2TOegAKiomlmj6bIziuaEYHUavxLE9NRwdntY0vOCrgHho6OXjDX7fm/Kw=="
    },
    "@types/winston": {
      "version": "2.3.5",
      "resolved": "https://repo.neo9.pro/repository/npm-global/@types/winston/-/winston-2.3.5.tgz",
      "integrity": "sha512-qMkxq+pSJgqE9I5NKEDJvZgLe+jK9ItOOQL9Ee2miUTPZMBKVWSx55suLaiwrGyQ/VqHhuD9Jv31wko1eTaKqQ==",
      "requires": {
        "@types/node": "8.0.25"
      }
    },
    "app-root-dir": {
      "version": "1.0.2",
      "resolved": "https://repo.neo9.pro/repository/npm-global/app-root-dir/-/app-root-dir-1.0.2.tgz",
      "integrity": "sha1-OBh+wt6nV3//Az/8sSFyaS/24Rg="
    },
    "async": {
      "version": "1.0.0",
      "resolved": "https://repo.neo9.pro/repository/npm-global/async/-/async-1.0.0.tgz",
      "integrity": "sha1-+PwEyjoTeErenhZBr5hXjPvWR6k="
    },
    "colors": {
      "version": "1.0.3",
      "resolved": "https://repo.neo9.pro/repository/npm-global/colors/-/colors-1.0.3.tgz",
      "integrity": "sha1-BDP0TYCWgP3rYO0mDxsMJi6CpAs="
    },
    "cycle": {
      "version": "1.0.3",
      "resolved": "https://repo.neo9.pro/repository/npm-global/cycle/-/cycle-1.0.3.tgz",
      "integrity": "sha1-IegLK+hYD5i0aPN5QwZisEbDStI="
    },
    "eyes": {
      "version": "0.1.8",
      "resolved": "https://repo.neo9.pro/repository/npm-global/eyes/-/eyes-0.1.8.tgz",
      "integrity": "sha1-Ys8SAjTGg3hdkCNIqADvPgzCC8A="
    },
    "fs-extra": {
      "version": "4.0.1",
      "resolved": "https://repo.neo9.pro/repository/npm-global/fs-extra/-/fs-extra-4.0.1.tgz",
      "integrity": "sha1-f8DGyJV/mD9X8waiTlud3Y0N2IA=",
      "requires": {
        "graceful-fs": "4.1.11",
        "jsonfile": "3.0.1",
        "universalify": "0.1.1"
      }
    },
    "graceful-fs": {
      "version": "4.1.11",
      "resolved": "https://repo.neo9.pro/repository/npm-global/graceful-fs/-/graceful-fs-4.1.11.tgz",
      "integrity": "sha1-Dovf5NHduIVNZOBOp8AOKgJuVlg="
    },
    "isstream": {
      "version": "0.1.2",
      "resolved": "https://repo.neo9.pro/repository/npm-global/isstream/-/isstream-0.1.2.tgz",
      "integrity": "sha1-R+Y/evVa+m+S4VAOaQ64uFKcCZo="
    },
    "jsonfile": {
      "version": "3.0.1",
      "resolved": "https://repo.neo9.pro/repository/npm-global/jsonfile/-/jsonfile-3.0.1.tgz",
      "integrity": "sha1-pezG9l9T9mLEQVx2daAzHQmS7GY=",
      "requires": {
        "graceful-fs": "4.1.11"
      }
    },
    "stack-trace": {
      "version": "0.0.10",
      "resolved": "https://repo.neo9.pro/repository/npm-global/stack-trace/-/stack-trace-0.0.10.tgz",
      "integrity": "sha1-VHxws0fo0ytOEI6hoqFZ5f3eGcA="
    },
    "universalify": {
      "version": "0.1.1",
      "resolved": "https://repo.neo9.pro/repository/npm-global/universalify/-/universalify-0.1.1.tgz",
      "integrity": "sha1-+nG63UQ3r0wUiEHjs7Fl+enlkLc="
    },
    "winston": {
      "version": "2.3.1",
      "resolved": "https://repo.neo9.pro/repository/npm-global/winston/-/winston-2.3.1.tgz",
      "integrity": "sha1-C0hCDZeMAYBM8CMLZIhhWYIloRk=",
      "requires": {
        "async": "1.0.0",
        "colors": "1.0.3",
        "cycle": "1.0.3",
        "eyes": "0.1.8",
        "isstream": "0.1.2",
        "stack-trace": "0.0.10"
      }
    }
  }
}
